github.com/aws/aws-sdk-go-v2 v1.31.0 h1:3V05LbxTSItI5kUqNwhJrrrY1BAXxXt0sN0l72QmG5U=
github.com/aws/aws-sdk-go-v2 v1.31.0/go.mod h1:ztolYtaEUtdpf9Wftr31CJfLVjOnD/CVRkKOOYgF8hA=
github.com/aws/aws-sdk-go-v2 v1.32.4 h1:S13INUiTxgrPueTmrm5DZ+MiAo99zYzHEFh1UNkOxNE=
github.com/aws/aws-sdk-go-v2 v1.32.4/go.mod h1:2SK5n0a2karNTv5tbP1SjsX0uhttou00v/HpXKM1ZUo=
github.com/aws/aws-sdk-go-v2/aws/protocol/eventstream v1.6.5 h1:xDAuZTn4IMm8o1LnBZvmrL8JA1io4o3YWNXgohbf20g=
github.com/aws/aws-sdk-go-v2/aws/protocol/eventstream v1.6.5/go.mod h1:wYSv6iDS621sEFLfKvpPE2ugjTuGlAG7iROg0hLOkfc=
github.com/aws/aws-sdk-go-v2/aws/protocol/eventstream v1.6.6 h1:pT3hpW0cOHRJx8Y0DfJUEQuqPild8jRGmSFmBgvydr0=
github.com/aws/aws-sdk-go-v2/aws/protocol/eventstream v1.6.6/go.mod h1:j/I2++U0xX+cr44QjHay4Cvxj6FUbnxrgmqN3H1jTZA=
github.com/aws/aws-sdk-go-v2/internal/configsources v1.3.18 h1:kYQ3H1u0ANr9KEKlGs/jTLrBFPo8P8NaH/w7A01NeeM=
github.com/aws/aws-sdk-go-v2/internal/configsources v1.3.18/go.mod h1:r506HmK5JDUh9+Mw4CfGJGSSoqIiLCndAuqXuhbv67Y=
github.com/aws/aws-sdk-go-v2/internal/configsources v1.3.23 h1:A2w6m6Tmr+BNXjDsr7M90zkWjsu4JXHwrzPg235STs4=
github.com/aws/aws-sdk-go-v2/internal/configsources v1.3.23/go.mod h1:35EVp9wyeANdujZruvHiQUAo9E3vbhnIO1mTCAxMlY0=
github.com/aws/aws-sdk-go-v2/internal/endpoints/v2 v2.6.18 h1:Z7IdFUONvTcvS7YuhtVxN99v2cCoHRXOS4mTr0B/pUc=
github.com/aws/aws-sdk-go-v2/internal/endpoints/v2 v2.6.18/go.mod h1:DkKMmksZVVyat+Y+r1dEOgJEfUeA7UngIHWeKsi0yNc=
github.com/aws/aws-sdk-go-v2/internal/endpoints/v2 v2.6.23 h1:pgYW9FCabt2M25MoHYCfMrVY2ghiiBKYWUVXfwZs+sU=
github.com/aws/aws-sdk-go-v2/internal/endpoints/v2 v2.6.23/go.mod h1:c48kLgzO19wAu3CPkDWC28JbaJ+hfQlsdl7I2+oqIbk=
github.com/aws/aws-sdk-go-v2/internal/v4a v1.3.18 h1:OWYvKL53l1rbsUmW7bQyJVsYU/Ii3bbAAQIIFNbM0Tk=
github.com/aws/aws-sdk-go-v2/internal/v4a v1.3.18/go.mod h1:CUx0G1v3wG6l01tUB+j7Y8kclA8NSqK4ef0YG79a4cg=
github.com/aws/aws-sdk-go-v2/internal/v4a v1.3.23 h1:1SZBDiRzzs3sNhOMVApyWPduWYGAX0imGy06XiBnCAM=
github.com/aws/aws-sdk-go-v2/internal/v4a v1.3.23/go.mod h1:i9TkxgbZmHVh2S0La6CAXtnyFhlCX/pJ0JsOvBAS6Mk=
github.com/aws/aws-sdk-go-v2/service/cognitoidentityprovider v1.43.4 h1:C8uf+nwieFWZtdPTCYOM8u/UyaIsDPfr95TJrfYekwQ=
github.com/aws/aws-sdk-go-v2/service/cognitoidentityprovider v1.43.4/go.mod h1:hsciKQ2xFfOPEuebyKmFo7wOSVNoLuzmCi6Qtol4UDc=
github.com/aws/aws-sdk-go-v2/service/cognitoidentityprovider v1.45.3 h1:MGNJDvz+5wf1CeBNvdmm2Fs1VEtppI07OqxQkOAtVVg=
github.com/aws/aws-sdk-go-v2/service/cognitoidentityprovider v1.45.3/go.mod h1:h5enb9YgyDSRi4uGwhSJ89n3iTr32JH71pSkS9T2llI=
github.com/aws/aws-sdk-go-v2/service/cognitoidentityprovider v1.46.5 h1:a40btDjyFzGAvmzKKhKdpQr7oPNy+zVEZuqnEyWh/kM=
github.com/aws/aws-sdk-go-v2/service/cognitoidentityprovider v1.46.5/go.mod h1:407ECbop1MV1qreM8yKqQioLA3VWVJhLj+wzyCcuFzs=
github.com/aws/aws-sdk-go-v2/service/dynamodb v1.34.9 h1:jbqgtdKfAXebx2/l2UhDEe/jmmCIhaCO3HFK71M7VzM=
github.com/aws/aws-sdk-go-v2/service/dynamodb v1.34.9/go.mod h1:N3YdUYxyxhiuAelUgCpSVBuBI1klobJxZrDtL+olu10=
github.com/aws/aws-sdk-go-v2/service/dynamodb v1.35.3 h1:X4iS+RcIKHkAMQz47nDt/nHxZUCKdnfgw940yluJ29Q=
github.com/aws/aws-sdk-go-v2/service/dynamodb v1.35.3/go.mod h1:k5XW8MoMxsNZ20RJmsokakvENUwQyjv69R9GqrI4xdQ=
github.com/aws/aws-sdk-go-v2/service/dynamodb v1.37.0 h1:qgDx1ChCsz5tSxok9hxWES30bt4koYM1Xub4ONuNYDU=
github.com/aws/aws-sdk-go-v2/service/dynamodb v1.37.0/go.mod h1:P+1rrWglInpWvnBpN0pH8jIIhkLkBaolkRVG4X9Kous=
github.com/aws/aws-sdk-go-v2/service/eventbridge v1.33.7 h1:q+xiPu+Dk5MFC20ZjdGGhbihD39Xsih98epvVjnOjyE=
github.com/aws/aws-sdk-go-v2/service/eventbridge v1.33.7/go.mod h1:iQCsmx9LyBMyMEkLCBVqnIAz+rfo6/ss3oLcYn26+no=
github.com/aws/aws-sdk-go-v2/service/eventbridge v1.34.3 h1:voc3mmh8nP2y+XobELnq5ge7Om5FFJQ93AnTUTMwgUQ=
github.com/aws/aws-sdk-go-v2/service/eventbridge v1.34.3/go.mod h1:bcL34EfmexE+PLh2o4oC1VFpP82Ev8p4dL0PqdZ13dE=
github.com/aws/aws-sdk-go-v2/service/eventbridge v1.35.5 h1:O7UMjjX8eAM4eLs303VramU8DW4FzTUJz1EsQKkxqc0=
github.com/aws/aws-sdk-go-v2/service/eventbridge v1.35.5/go.mod h1:U1Wwh1TVfPHB8sbmBt3yqH2etdYERX1quammRvGWtXs=
github.com/aws/aws-sdk-go-v2/service/internal/accept-encoding v1.11.5 h1:QFASJGfT8wMXtuP3D5CRmMjARHv9ZmzFUMJznHDOY3w=
github.com/aws/aws-sdk-go-v2/service/internal/accept-encoding v1.11.5/go.mod h1:QdZ3OmoIjSX+8D1OPAzPxDfjXASbBMDsz9qvtyIhtik=
github.com/aws/aws-sdk-go-v2/service/internal/accept-encoding v1.12.0 h1:TToQNkvGguu209puTojY/ozlqy2d/SFNcoLIqTFi42g=
github.com/aws/aws-sdk-go-v2/service/internal/accept-encoding v1.12.0/go.mod h1:0jp+ltwkf+SwG2fm/PKo8t4y8pJSgOCO4D8Lz3k0aHQ=
github.com/aws/aws-sdk-go-v2/service/internal/checksum v1.3.20 h1:rTWjG6AvWekO2B1LHeM3ktU7MqyX9rzWQ7hgzneZW7E=
github.com/aws/aws-sdk-go-v2/service/internal/checksum v1.3.20/go.mod h1:RGW2DDpVc8hu6Y6yG8G5CHVmVOAn1oV8rNKOHRJyswg=
github.com/aws/aws-sdk-go-v2/service/internal/checksum v1.4.4 h1:aaPpoG15S2qHkWm4KlEyF01zovK1nW4BBbyXuHNSE90=
github.com/aws/aws-sdk-go-v2/service/internal/checksum v1.4.4/go.mod h1:eD9gS2EARTKgGr/W5xwgY/ik9z/zqpW+m/xOQbVxrMk=
github.com/aws/aws-sdk-go-v2/service/internal/endpoint-discovery v1.9.18 h1:GACdEPdpBE59I7pbfvu0/Mw1wzstlP3QtPHklUxybFE=
github.com/aws/aws-sdk-go-v2/service/internal/endpoint-discovery v1.9.18/go.mod h1:K+xV06+Wni4TSaOOJ1Y35e5tYOCUBYbebLKmJQQa8yY=
github.com/aws/aws-sdk-go-v2/service/internal/endpoint-discovery v1.9.19 h1:dOxqOlOEa2e2heC/74+ZzcJOa27+F1aXFZpYgY/4QfA=
github.com/aws/aws-sdk-go-v2/service/internal/endpoint-discovery v1.9.19/go.mod h1:aV6U1beLFvk3qAgognjS3wnGGoDId8hlPEiBsLHXVZE=
github.com/aws/aws-sdk-go-v2/service/internal/endpoint-discovery v1.10.4 h1:rWKH6IiWDRIxmsTJUB/wEY+EIPp+P3C78Vidl+HXp6w=
github.com/aws/aws-sdk-go-v2/service/internal/endpoint-discovery v1.10.4/go.mod h1:MzOAfuiNZ6asjVrA+dNvXl5lI2nmzXakSpDFLOcOyJ4=
github.com/aws/aws-sdk-go-v2/service/internal/presigned-url v1.11.20 h1:Xbwbmk44URTiHNx6PNo0ujDE6ERlsCKJD3u1zfnzAPg=
github.com/aws/aws-sdk-go-v2/service/internal/presigned-url v1.11.20/go.mod h1:oAfOFzUB14ltPZj1rWwRc3d/6OgD76R8KlvU3EqM9Fg=
github.com/aws/aws-sdk-go-v2/service/internal/presigned-url v1.12.4 h1:tHxQi/XHPK0ctd/wdOw0t7Xrc2OxcRCnVzv8lwWPu0c=
github.com/aws/aws-sdk-go-v2/service/internal/presigned-url v1.12.4/go.mod h1:4GQbF1vJzG60poZqWatZlhP31y8PGCCVTvIGPdaaYJ0=
github.com/aws/aws-sdk-go-v2/service/internal/s3shared v1.17.18 h1:eb+tFOIl9ZsUe2259/BKPeniKuz4/02zZFH/i4Nf8Rg=
github.com/aws/aws-sdk-go-v2/service/internal/s3shared v1.17.18/go.mod h1:GVCC2IJNJTmdlyEsSmofEy7EfJncP7DNnXDzRjJ5Keg=
github.com/aws/aws-sdk-go-v2/service/internal/s3shared v1.18.4 h1:E5ZAVOmI2apR8ADb72Q63KqwwwdW1XcMeXIlrZ1Psjg=
github.com/aws/aws-sdk-go-v2/service/internal/s3shared v1.18.4/go.mod h1:wezzqVUOVVdk+2Z/JzQT4NxAU0NbhRe5W8pIE72jsWI=
github.com/aws/aws-sdk-go-v2/service/s3 v1.63.3 h1:3zt8qqznMuAZWDTDpcwv9Xr11M/lVj2FsRR7oYBt0OA=
github.com/aws/aws-sdk-go-v2/service/s3 v1.63.3/go.mod h1:NLTqRLe3pUNu3nTEHI6XlHLKYmc8fbHUdMxAB6+s41Q=
github.com/aws/aws-sdk-go-v2/service/s3 v1.67.0 h1:SwaJ0w0MOp0pBTIKTamLVeTKD+iOWyNJRdJ2KCQRg6Q=
github.com/aws/aws-sdk-go-v2/service/s3 v1.67.0/go.mod h1:TMhLIyRIyoGVlaEMAt+ITMbwskSTpcGsCPDq91/ihY0=
github.com/aws/aws-sdk-go-v2/service/sfn v1.31.2 h1:iup9+EgS++bWOyG5wx4rjnsfnCAv+xpqQdTsG61rUS8=
github.com/aws/aws-sdk-go-v2/service/sfn v1.31.2/go.mod h1:ae7mWKnnn7j/l9Egr8HaUg9hsn6b4jIS7eryh3nqkLg=
github.com/aws/aws-sdk-go-v2/service/sfn v1.32.3 h1:4HoibwG6AcWIG8uKlV7cQ0+gVzQkL8/+nxG2ov9Zdms=
github.com/aws/aws-sdk-go-v2/service/sfn v1.32.3/go.mod h1:N8FU9Yn79tcXJA1ovnj6cRrEBOrwSkFKegS/CDOeGcg=
github.com/aws/aws-sdk-go-v2/service/sfn v1.33.5 h1:eZ8EuttRJ/j/o9ImnwVDiWeIOxkHiZZERBiZ8QppXEU=
github.com/aws/aws-sdk-go-v2/service/sfn v1.33.5/go.mod h1:7VTh52fUPXQt6Qxi2F6TvTVBNsaZ0JbEoATMlP1Qmv8=
github.com/aws/smithy-go v1.21.0 h1:H7L8dtDRk0P1Qm6y0ji7MCYMQObJ5R9CRpyPhRUkLYA=
github.com/aws/smithy-go v1.21.0/go.mod h1:irrKGvNn1InZwb2d7fkIRNucdfwR8R+Ts3wxYa/cJHg=
github.com/aws/smithy-go v1.22.1 h1:/HPHZQ0g7f4eUeK6HKglFz8uwVfZKgoI25rb/J+dnro=
github.com/aws/smithy-go v1.22.1/go.mod h1:irrKGvNn1InZwb2d7fkIRNucdfwR8R+Ts3wxYa/cJHg=
github.com/davecgh/go-spew v1.1.0/go.mod h1:J7Y8YcW2NihsgmVo/mv3lAwl/skON4iLHjSsI+c5H38=
github.com/davecgh/go-spew v1.1.1 h1:vj9j/u1bqnvCEfJOwUhtlOARqs3+rkHYY13jYWTU97c=
github.com/davecgh/go-spew v1.1.1/go.mod h1:J7Y8YcW2NihsgmVo/mv3lAwl/skON4iLHjSsI+c5H38=
github.com/jmespath/go-jmespath v0.4.0 h1:BEgLn5cpjn8UN1mAw4NjwDrS35OdebyEtFe+9YPoQUg=
github.com/jmespath/go-jmespath v0.4.0/go.mod h1:T8mJZnbsbmF+m6zOOFylbeCJqk5+pHWvzYPziyZiYoo=
github.com/jmespath/go-jmespath/internal/testify v1.5.1 h1:shLQSRRSCCPj3f2gpwzGwWFoC7ycTf1rcQZHOlsJ6N8=
github.com/jmespath/go-jmespath/internal/testify v1.5.1/go.mod h1:L3OGu8Wl2/fWfCI6z80xFu9LTZmf1ZRjMHUOPmWr69U=
github.com/nextunit-io/go-mock v0.0.0-20240911152234-c0b0103a4eca h1:ePf7TQDoy4XvByRK1btYMCmXNEdN+WMZufJrRB5vkbg=
github.com/nextunit-io/go-mock v0.0.0-20240911152234-c0b0103a4eca/go.mod h1:kecyE7VJ/Cou30y3bWP0trAEXYJ+5hUun/5/2NUue0E=
github.com/pmezard/go-difflib v1.0.0 h1:4DBwDE0NGyQoBHbLQYPwSUPoCMWR5BEzIk/f1lZbAQM=
github.com/pmezard/go-difflib v1.0.0/go.mod h1:iKH77koFhYxTK1pcRnkKkqfTogsbg7gZNVY4sRDYZ/4=
github.com/stretchr/objx v0.1.0/go.mod h1:HFkY916IF+rwdDfMAkV7OtwuqBVzrE8GR6GFx+wExME=
github.com/stretchr/testify v1.9.0 h1:HtqpIVDClZ4nwg75+f6Lvsy/wHu+3BoSGCbBAcpTsTg=
github.com/stretchr/testify v1.9.0/go.mod h1:r2ic/lqez/lEtzL7wO/rwa5dbSLXVDPFyf8C91i36aY=
gopkg.in/check.v1 v0.0.0-20161208181325-20d25e280405 h1:yhCVgyC4o1eVCa2tZl7eS0r+SDo693bJlVdllGtEeKM=
gopkg.in/check.v1 v0.0.0-20161208181325-20d25e280405/go.mod h1:Co6ibVJAznAaIkqp8huTwlJQCZ016jof/cbN4VW5Yz0=
gopkg.in/yaml.v2 v2.2.8 h1:obN1ZagJSUGI0Ek/LBmuj4SNLPfIny3KsKFopxRdj10=
gopkg.in/yaml.v2 v2.2.8/go.mod h1:hI93XBmqTisBFMUTm0b8Fm+jr3Dg1NNxqwp+5A1VGuI=
gopkg.in/yaml.v3 v3.0.1 h1:fxVm/GzAzEWqLHuvctI91KS9hhNmmWOoWu0XTYJS7CA=
gopkg.in/yaml.v3 v3.0.1/go.mod h1:K4uyk7z7BCEPqu6E+C64Yfv1cQ7kz7rIZviUmN+EgEM=
